// !$*UTF8*$!
{
	archiveVersion = 1;
	classes = {
	};
	objectVersion = 56;
	objects = {

/* Begin PBXBuildFile section */
		5255678929FA3984005542F9 /* AppDelegate.swift in Sources */ = {isa = PBXBuildFile; fileRef = 5255678829FA3984005542F9 /* AppDelegate.swift */; };
		5255678B29FA3984005542F9 /* SceneDelegate.swift in Sources */ = {isa = PBXBuildFile; fileRef = 5255678A29FA3984005542F9 /* SceneDelegate.swift */; };
		5255678D29FA3984005542F9 /* SignInViewController.swift in Sources */ = {isa = PBXBuildFile; fileRef = 5255678C29FA3984005542F9 /* SignInViewController.swift */; };
		5255679229FA3987005542F9 /* Assets.xcassets in Resources */ = {isa = PBXBuildFile; fileRef = 5255679129FA3987005542F9 /* Assets.xcassets */; };
		5255679529FA3987005542F9 /* LaunchScreen.storyboard in Resources */ = {isa = PBXBuildFile; fileRef = 5255679329FA3987005542F9 /* LaunchScreen.storyboard */; };
		5255679E29FA3BC0005542F9 /* SignUpViewController.swift in Sources */ = {isa = PBXBuildFile; fileRef = 5255679D29FA3BC0005542F9 /* SignUpViewController.swift */; };
		52F8166829FA7C3C00BB6CE0 /* ForgotViewController.swift in Sources */ = {isa = PBXBuildFile; fileRef = 52F8166729FA7C3C00BB6CE0 /* ForgotViewController.swift */; };
		68AD0FB7CAD29183F60A7E56 /* Pods_IOS_HomeWork_6.framework in Frameworks */ = {isa = PBXBuildFile; fileRef = 4BAE54515153C40FED1AA57D /* Pods_IOS_HomeWork_6.framework */; };
/* End PBXBuildFile section */

/* Begin PBXFileReference section */
		3B4855436D2A3893704EE0F0 /* Pods-IOS-HomeWork-6.debug.xcconfig */ = {isa = PBXFileReference; includeInIndex = 1; lastKnownFileType = text.xcconfig; name = "Pods-IOS-HomeWork-6.debug.xcconfig"; path = "Target Support Files/Pods-IOS-HomeWork-6/Pods-IOS-HomeWork-6.debug.xcconfig"; sourceTree = "<group>"; };
		4BAE54515153C40FED1AA57D /* Pods_IOS_HomeWork_6.framework */ = {isa = PBXFileReference; explicitFileType = wrapper.framework; includeInIndex = 0; path = Pods_IOS_HomeWork_6.framework; sourceTree = BUILT_PRODUCTS_DIR; };
		5255678529FA3984005542F9 /* IOS-HomeWork-6.app */ = {isa = PBXFileReference; explicitFileType = wrapper.application; includeInIndex = 0; path = "IOS-HomeWork-6.app"; sourceTree = BUILT_PRODUCTS_DIR; };
		5255678829FA3984005542F9 /* AppDelegate.swift */ = {isa = PBXFileReference; lastKnownFileType = sourcecode.swift; path = AppDelegate.swift; sourceTree = "<group>"; };
		5255678A29FA3984005542F9 /* SceneDelegate.swift */ = {isa = PBXFileReference; lastKnownFileType = sourcecode.swift; path = SceneDelegate.swift; sourceTree = "<group>"; };
		5255678C29FA3984005542F9 /* SignInViewController.swift */ = {isa = PBXFileReference; lastKnownFileType = sourcecode.swift; path = SignInViewController.swift; sourceTree = "<group>"; };
		5255679129FA3987005542F9 /* Assets.xcassets */ = {isa = PBXFileReference; lastKnownFileType = folder.assetcatalog; path = Assets.xcassets; sourceTree = "<group>"; };
		5255679429FA3987005542F9 /* Base */ = {isa = PBXFileReference; lastKnownFileType = file.storyboard; name = Base; path = Base.lproj/LaunchScreen.storyboard; sourceTree = "<group>"; };
		5255679629FA3987005542F9 /* Info.plist */ = {isa = PBXFileReference; lastKnownFileType = text.plist.xml; path = Info.plist; sourceTree = "<group>"; };
		5255679D29FA3BC0005542F9 /* SignUpViewController.swift */ = {isa = PBXFileReference; lastKnownFileType = sourcecode.swift; path = SignUpViewController.swift; sourceTree = "<group>"; };
		52F8166729FA7C3C00BB6CE0 /* ForgotViewController.swift */ = {isa = PBXFileReference; lastKnownFileType = sourcecode.swift; path = ForgotViewController.swift; sourceTree = "<group>"; };
		8807112E57F88B98EEBCC523 /* Pods-IOS-HomeWork-6.release.xcconfig */ = {isa = PBXFileReference; includeInIndex = 1; lastKnownFileType = text.xcconfig; name = "Pods-IOS-HomeWork-6.release.xcconfig"; path = "Target Support Files/Pods-IOS-HomeWork-6/Pods-IOS-HomeWork-6.release.xcconfig"; sourceTree = "<group>"; };
/* End PBXFileReference section */

/* Begin PBXFrameworksBuildPhase section */
		5255678229FA3984005542F9 /* Frameworks */ = {
			isa = PBXFrameworksBuildPhase;
			buildActionMask = 2147483647;
			files = (
				68AD0FB7CAD29183F60A7E56 /* Pods_IOS_HomeWork_6.framework in Frameworks */,
			);
			runOnlyForDeploymentPostprocessing = 0;
		};
/* End PBXFrameworksBuildPhase section */

/* Begin PBXGroup section */
		5255677C29FA3984005542F9 = {
			isa = PBXGroup;
			children = (
				5255678729FA3984005542F9 /* IOS-HomeWork-6 */,
				5255678629FA3984005542F9 /* Products */,
				8991603D7A462D4C49FA02B4 /* Pods */,
				B9D4F08D96BA4D8962F166B0 /* Frameworks */,
			);
			sourceTree = "<group>";
		};
		5255678629FA3984005542F9 /* Products */ = {
			isa = PBXGroup;
			children = (
				5255678529FA3984005542F9 /* IOS-HomeWork-6.app */,
			);
			name = Products;
			sourceTree = "<group>";
		};
		5255678729FA3984005542F9 /* IOS-HomeWork-6 */ = {
			isa = PBXGroup;
			children = (
				5255679C29FA3B96005542F9 /* Controller */,
				5255678829FA3984005542F9 /* AppDelegate.swift */,
				5255678A29FA3984005542F9 /* SceneDelegate.swift */,
				5255679129FA3987005542F9 /* Assets.xcassets */,
				5255679329FA3987005542F9 /* LaunchScreen.storyboard */,
				5255679629FA3987005542F9 /* Info.plist */,
			);
			path = "IOS-HomeWork-6";
			sourceTree = "<group>";
		};
		5255679C29FA3B96005542F9 /* Controller */ = {
			isa = PBXGroup;
			children = (
				5255678C29FA3984005542F9 /* SignInViewController.swift */,
				5255679D29FA3BC0005542F9 /* SignUpViewController.swift */,
				52F8166729FA7C3C00BB6CE0 /* ForgotViewController.swift */,
			);
			path = Controller;
			sourceTree = "<group>";
		};
		8991603D7A462D4C49FA02B4 /* Pods */ = {
			isa = PBXGroup;
			children = (
				3B4855436D2A3893704EE0F0 /* Pods-IOS-HomeWork-6.debug.xcconfig */,
				8807112E57F88B98EEBCC523 /* Pods-IOS-HomeWork-6.release.xcconfig */,
			);
			path = Pods;
			sourceTree = "<group>";
		};
		B9D4F08D96BA4D8962F166B0 /* Frameworks */ = {
			isa = PBXGroup;
			children = (
				4BAE54515153C40FED1AA57D /* Pods_IOS_HomeWork_6.framework */,
			);
			name = Frameworks;
			sourceTree = "<group>";
		};
/* End PBXGroup section */

/* Begin PBXNativeTarget section */
		5255678429FA3984005542F9 /* IOS-HomeWork-6 */ = {
			isa = PBXNativeTarget;
			buildConfigurationList = 5255679929FA3987005542F9 /* Build configuration list for PBXNativeTarget "IOS-HomeWork-6" */;
			buildPhases = (
				970D174AE91FD57689302914 /* [CP] Check Pods Manifest.lock */,
				5255678129FA3984005542F9 /* Sources */,
				5255678229FA3984005542F9 /* Frameworks */,
				5255678329FA3984005542F9 /* Resources */,
				535CA284E94B2546461B33CE /* [CP] Embed Pods Frameworks */,
			);
			buildRules = (
			);
			dependencies = (
			);
			name = "IOS-HomeWork-6";
			productName = "IOS-HomeWork-6";
			productReference = 5255678529FA3984005542F9 /* IOS-HomeWork-6.app */;
			productType = "com.apple.product-type.application";
		};
/* End PBXNativeTarget section */

/* Begin PBXProject section */
		5255677D29FA3984005542F9 /* Project object */ = {
			isa = PBXProject;
			attributes = {
				BuildIndependentTargetsInParallel = 1;
				LastSwiftUpdateCheck = 1420;
				LastUpgradeCheck = 1420;
				TargetAttributes = {
					5255678429FA3984005542F9 = {
						CreatedOnToolsVersion = 14.2;
					};
				};
			};
			buildConfigurationList = 5255678029FA3984005542F9 /* Build configuration list for PBXProject "IOS-HomeWork-6" */;
			compatibilityVersion = "Xcode 14.0";
			developmentRegion = en;
			hasScannedForEncodings = 0;
			knownRegions = (
				en,
				Base,
			);
			mainGroup = 5255677C29FA3984005542F9;
			productRefGroup = 5255678629FA3984005542F9 /* Products */;
			projectDirPath = "";
			projectRoot = "";
			targets = (
				5255678429FA3984005542F9 /* IOS-HomeWork-6 */,
			);
		};
/* End PBXProject section */

/* Begin PBXResourcesBuildPhase section */
		5255678329FA3984005542F9 /* Resources */ = {
			isa = PBXResourcesBuildPhase;
			buildActionMask = 2147483647;
			files = (
				5255679529FA3987005542F9 /* LaunchScreen.storyboard in Resources */,
				5255679229FA3987005542F9 /* Assets.xcassets in Resources */,
			);
			runOnlyForDeploymentPostprocessing = 0;
		};
/* End PBXResourcesBuildPhase section */

/* Begin PBXShellScriptBuildPhase section */
		535CA284E94B2546461B33CE /* [CP] Embed Pods Frameworks */ = {
			isa = PBXShellScriptBuildPhase;
			buildActionMask = 2147483647;
			files = (
			);
			inputFileListPaths = (
				"${PODS_ROOT}/Target Support Files/Pods-IOS-HomeWork-6/Pods-IOS-HomeWork-6-frameworks-${CONFIGURATION}-input-files.xcfilelist",
			);
			name = "[CP] Embed Pods Frameworks";
			outputFileListPaths = (
				"${PODS_ROOT}/Target Support Files/Pods-IOS-HomeWork-6/Pods-IOS-HomeWork-6-frameworks-${CONFIGURATION}-output-files.xcfilelist",
			);
			runOnlyForDeploymentPostprocessing = 0;
			shellPath = /bin/sh;
			shellScript = "\"${PODS_ROOT}/Target Support Files/Pods-IOS-HomeWork-6/Pods-IOS-HomeWork-6-frameworks.sh\"\n";
			showEnvVarsInLog = 0;
		};
		970D174AE91FD57689302914 /* [CP] Check Pods Manifest.lock */ = {
			isa = PBXShellScriptBuildPhase;
			buildActionMask = 2147483647;
			files = (
			);
			inputFileListPaths = (
			);
			inputPaths = (
				"${PODS_PODFILE_DIR_PATH}/Podfile.lock",
				"${PODS_ROOT}/Manifest.lock",
			);
			name = "[CP] Check Pods Manifest.lock";
			outputFileListPaths = (
			);
			outputPaths = (
				"$(DERIVED_FILE_DIR)/Pods-IOS-HomeWork-6-checkManifestLockResult.txt",
			);
			runOnlyForDeploymentPostprocessing = 0;
			shellPath = /bin/sh;
			shellScript = "diff \"${PODS_PODFILE_DIR_PATH}/Podfile.lock\" \"${PODS_ROOT}/Manifest.lock\" > /dev/null\nif [ $? != 0 ] ; then\n    # print error to STDERR\n    echo \"error: The sandbox is not in sync with the Podfile.lock. Run 'pod install' or update your CocoaPods installation.\" >&2\n    exit 1\nfi\n# This output is used by Xcode 'outputs' to avoid re-running this script phase.\necho \"SUCCESS\" > \"${SCRIPT_OUTPUT_FILE_0}\"\n";
			showEnvVarsInLog = 0;
		};
/* End PBXShellScriptBuildPhase section */

/* Begin PBXSourcesBuildPhase section */
		5255678129FA3984005542F9 /* Sources */ = {
			isa = PBXSourcesBuildPhase;
			buildActionMask = 2147483647;
			files = (
				5255678D29FA3984005542F9 /* SignInViewController.swift in Sources */,
				5255678929FA3984005542F9 /* AppDelegate.swift in Sources */,
				5255679E29FA3BC0005542F9 /* SignUpViewController.swift in Sources */,
				52F8166829FA7C3C00BB6CE0 /* ForgotViewController.swift in Sources */,
				5255678B29FA3984005542F9 /* SceneDelegate.swift in Sources */,
			);
			runOnlyForDeploymentPostprocessing = 0;
		};
/* End PBXSourcesBuildPhase section */

/* Begin PBXVariantGroup section */
		5255679329FA3987005542F9 /* LaunchScreen.storyboard */ = {
			isa = PBXVariantGroup;
			children = (
				5255679429FA3987005542F9 /* Base */,
			);
			name = LaunchScreen.storyboard;
			sourceTree = "<group>";
		};
/* End PBXVariantGroup section */

/* Begin XCBuildConfiguration section */
		5255679729FA3987005542F9 /* Debug */ = {
			isa = XCBuildConfiguration;
			buildSettings = {
				ALWAYS_SEARCH_USER_PATHS = NO;
				CLANG_ANALYZER_NONNULL = YES;
				CLANG_ANALYZER_NUMBER_OBJECT_CONVERSION = YES_AGGRESSIVE;
				CLANG_CXX_LANGUAGE_STANDARD = "gnu++20";
				CLANG_ENABLE_MODULES = YES;
				CLANG_ENABLE_OBJC_ARC = YES;
				CLANG_ENABLE_OBJC_WEAK = YES;
				CLANG_WARN_BLOCK_CAPTURE_AUTORELEASING = YES;
				CLANG_WARN_BOOL_CONVERSION = YES;
				CLANG_WARN_COMMA = YES;
				CLANG_WARN_CONSTANT_CONVERSION = YES;
				CLANG_WARN_DEPRECATED_OBJC_IMPLEMENTATIONS = YES;
				CLANG_WARN_DIRECT_OBJC_ISA_USAGE = YES_ERROR;
				CLANG_WARN_DOCUMENTATION_COMMENTS = YES;
				CLANG_WARN_EMPTY_BODY = YES;
				CLANG_WARN_ENUM_CONVERSION = YES;
				CLANG_WARN_INFINITE_RECURSION = YES;
				CLANG_WARN_INT_CONVERSION = YES;
				CLANG_WARN_NON_LITERAL_NULL_CONVERSION = YES;
				CLANG_WARN_OBJC_IMPLICIT_RETAIN_SELF = YES;
				CLANG_WARN_OBJC_LITERAL_CONVERSION = YES;
				CLANG_WARN_OBJC_ROOT_CLASS = YES_ERROR;
				CLANG_WARN_QUOTED_INCLUDE_IN_FRAMEWORK_HEADER = YES;
				CLANG_WARN_RANGE_LOOP_ANALYSIS = YES;
				CLANG_WARN_STRICT_PROTOTYPES = YES;
				CLANG_WARN_SUSPICIOUS_MOVE = YES;
				CLANG_WARN_UNGUARDED_AVAILABILITY = YES_AGGRESSIVE;
				CLANG_WARN_UNREACHABLE_CODE = YES;
				CLANG_WARN__DUPLICATE_METHOD_MATCH = YES;
				COPY_PHASE_STRIP = NO;
				DEBUG_INFORMATION_FORMAT = dwarf;
				ENABLE_STRICT_OBJC_MSGSEND = YES;
				ENABLE_TESTABILITY = YES;
				GCC_C_LANGUAGE_STANDARD = gnu11;
				GCC_DYNAMIC_NO_PIC = NO;
				GCC_NO_COMMON_BLOCKS = YES;
				GCC_OPTIMIZATION_LEVEL = 0;
				GCC_PREPROCESSOR_DEFINITIONS = (
					"DEBUG=1",
					"$(inherited)",
				);
				GCC_WARN_64_TO_32_BIT_CONVERSION = YES;
				GCC_WARN_ABOUT_RETURN_TYPE = YES_ERROR;
				GCC_WARN_UNDECLARED_SELECTOR = YES;
				GCC_WARN_UNINITIALIZED_AUTOS = YES_AGGRESSIVE;
				GCC_WARN_UNUSED_FUNCTION = YES;
				GCC_WARN_UNUSED_VARIABLE = YES;
				IPHONEOS_DEPLOYMENT_TARGET = 16.2;
				MTL_ENABLE_DEBUG_INFO = INCLUDE_SOURCE;
				MTL_FAST_MATH = YES;
				ONLY_ACTIVE_ARCH = YES;
				SDKROOT = iphoneos;
				SWIFT_ACTIVE_COMPILATION_CONDITIONS = DEBUG;
				SWIFT_OPTIMIZATION_LEVEL = "-Onone";
			};
			name = Debug;
		};
		5255679829FA3987005542F9 /* Release */ = {
			isa = XCBuildConfiguration;
			buildSettings = {
				ALWAYS_SEARCH_USER_PATHS = NO;
				CLANG_ANALYZER_NONNULL = YES;
				CLANG_ANALYZER_NUMBER_OBJECT_CONVERSION = YES_AGGRESSIVE;
				CLANG_CXX_LANGUAGE_STANDARD = "gnu++20";
				CLANG_ENABLE_MODULES = YES;
				CLANG_ENABLE_OBJC_ARC = YES;
				CLANG_ENABLE_OBJC_WEAK = YES;
				CLANG_WARN_BLOCK_CAPTURE_AUTORELEASING = YES;
				CLANG_WARN_BOOL_CONVERSION = YES;
				CLANG_WARN_COMMA = YES;
				CLANG_WARN_CONSTANT_CONVERSION = YES;
				CLANG_WARN_DEPRECATED_OBJC_IMPLEMENTATIONS = YES;
				CLANG_WARN_DIRECT_OBJC_ISA_USAGE = YES_ERROR;
				CLANG_WARN_DOCUMENTATION_COMMENTS = YES;
				CLANG_WARN_EMPTY_BODY = YES;
				CLANG_WARN_ENUM_CONVERSION = YES;
				CLANG_WARN_INFINITE_RECURSION = YES;
				CLANG_WARN_INT_CONVERSION = YES;
				CLANG_WARN_NON_LITERAL_NULL_CONVERSION = YES;
				CLANG_WARN_OBJC_IMPLICIT_RETAIN_SELF = YES;
				CLANG_WARN_OBJC_LITERAL_CONVERSION = YES;
				CLANG_WARN_OBJC_ROOT_CLASS = YES_ERROR;
				CLANG_WARN_QUOTED_INCLUDE_IN_FRAMEWORK_HEADER = YES;
				CLANG_WARN_RANGE_LOOP_ANALYSIS = YES;
				CLANG_WARN_STRICT_PROTOTYPES = YES;
				CLANG_WARN_SUSPICIOUS_MOVE = YES;
				CLANG_WARN_UNGUARDED_AVAILABILITY = YES_AGGRESSIVE;
				CLANG_WARN_UNREACHABLE_CODE = YES;
				CLANG_WARN__DUPLICATE_METHOD_MATCH = YES;
				COPY_PHASE_STRIP = NO;
				DEBUG_INFORMATION_FORMAT = "dwarf-with-dsym";
				ENABLE_NS_ASSERTIONS = NO;
				ENABLE_STRICT_OBJC_MSGSEND = YES;
				GCC_C_LANGUAGE_STANDARD = gnu11;
				GCC_NO_COMMON_BLOCKS = YES;
				GCC_WARN_64_TO_32_BIT_CONVERSION = YES;
				GCC_WARN_ABOUT_RETURN_TYPE = YES_ERROR;
				GCC_WARN_UNDECLARED_SELECTOR = YES;
				GCC_WARN_UNINITIALIZED_AUTOS = YES_AGGRESSIVE;
				GCC_WARN_UNUSED_FUNCTION = YES;
				GCC_WARN_UNUSED_VARIABLE = YES;
				IPHONEOS_DEPLOYMENT_TARGET = 16.2;
				MTL_ENABLE_DEBUG_INFO = NO;
				MTL_FAST_MATH = YES;
				SDKROOT = iphoneos;
				SWIFT_COMPILATION_MODE = wholemodule;
				SWIFT_OPTIMIZATION_LEVEL = "-O";
				VALIDATE_PRODUCT = YES;
			};
			name = Release;
		};
		5255679A29FA3987005542F9 /* Debug */ = {
			isa = XCBuildConfiguration;
			baseConfigurationReference = 3B4855436D2A3893704EE0F0 /* Pods-IOS-HomeWork-6.debug.xcconfig */;
			buildSettings = {
				ASSETCATALOG_COMPILER_APPICON_NAME = AppIcon;
				ASSETCATALOG_COMPILER_GLOBAL_ACCENT_COLOR_NAME = AccentColor;
				CODE_SIGN_STYLE = Automatic;
				CURRENT_PROJECT_VERSION = 1;
				DEVELOPMENT_TEAM = F7W7R66652;
				GENERATE_INFOPLIST_FILE = YES;
				INFOPLIST_FILE = "IOS-HomeWork-6/Info.plist";
				INFOPLIST_KEY_UIApplicationSupportsIndirectInputEvents = YES;
				INFOPLIST_KEY_UILaunchStoryboardName = LaunchScreen;
				INFOPLIST_KEY_UISupportedInterfaceOrientations_iPad = "UIInterfaceOrientationPortrait UIInterfaceOrientationPortraitUpsideDown UIInterfaceOrientationLandscapeLeft UIInterfaceOrientationLandscapeRight";
				INFOPLIST_KEY_UISupportedInterfaceOrientations_iPhone = "UIInterfaceOrientationPortrait UIInterfaceOrientationLandscapeLeft UIInterfaceOrientationLandscapeRight";
				LD_RUNPATH_SEARCH_PATHS = (
					"$(inherited)",
					"@executable_path/Frameworks",
				);
				MARKETING_VERSION = 1.0;
				PRODUCT_BUNDLE_IDENTIFIER = "Com.ERACompany.IOS-HomeWork-6";
				PRODUCT_NAME = "$(TARGET_NAME)";
				SWIFT_EMIT_LOC_STRINGS = YES;
				SWIFT_VERSION = 5.0;
				TARGETED_DEVICE_FAMILY = "1,2";
			};
			name = Debug;
		};
		5255679B29FA3987005542F9 /* Release */ = {
			isa = XCBuildConfiguration;
			baseConfigurationReference = 8807112E57F88B98EEBCC523 /* Pods-IOS-HomeWork-6.release.xcconfig */;
			buildSettings = {
				ASSETCATALOG_COMPILER_APPICON_NAME = AppIcon;
				ASSETCATALOG_COMPILER_GLOBAL_ACCENT_COLOR_NAME = AccentColor;
				CODE_SIGN_STYLE = Automatic;
				CURRENT_PROJECT_VERSION = 1;
				DEVELOPMENT_TEAM = F7W7R66652;
				GENERATE_INFOPLIST_FILE = YES;
				INFOPLIST_FILE = "IOS-HomeWork-6/Info.plist";
				INFOPLIST_KEY_UIApplicationSupportsIndirectInputEvents = YES;
				INFOPLIST_KEY_UILaunchStoryboardName = LaunchScreen;
				INFOPLIST_KEY_UISupportedInterfaceOrientations_iPad = "UIInterfaceOrientationPortrait UIInterfaceOrientationPortraitUpsideDown UIInterfaceOrientationLandscapeLeft UIInterfaceOrientationLandscapeRight";
				INFOPLIST_KEY_UISupportedInterfaceOrientations_iPhone = "UIInterfaceOrientationPortrait UIInterfaceOrientationLandscapeLeft UIInterfaceOrientationLandscapeRight";
				LD_RUNPATH_SEARCH_PATHS = (
					"$(inherited)",
					"@executable_path/Frameworks",
				);
				MARKETING_VERSION = 1.0;
				PRODUCT_BUNDLE_IDENTIFIER = "Com.ERACompany.IOS-HomeWork-6";
				PRODUCT_NAME = "$(TARGET_NAME)";
				SWIFT_EMIT_LOC_STRINGS = YES;
				SWIFT_VERSION = 5.0;
				TARGETED_DEVICE_FAMILY = "1,2";
			};
			name = Release;
		};
/* End XCBuildConfiguration section */

/* Begin XCConfigurationList section */
		5255678029FA3984005542F9 /* Build configuration list for PBXProject "IOS-HomeWork-6" */ = {
			isa = XCConfigurationList;
			buildConfigurations = (
				5255679729FA3987005542F9 /* Debug */,
				5255679829FA3987005542F9 /* Release */,
			);
			defaultConfigurationIsVisible = 0;
			defaultConfigurationName = Release;
		};
		5255679929FA3987005542F9 /* Build configuration list for PBXNativeTarget "IOS-HomeWork-6" */ = {
			isa = XCConfigurationList;
			buildConfigurations = (
				5255679A29FA3987005542F9 /* Debug */,
				5255679B29FA3987005542F9 /* Release */,
			);
			defaultConfigurationIsVisible = 0;
			defaultConfigurationName = Release;
		};
/* End XCConfigurationList section */
	};
	rootObject = 5255677D29FA3984005542F9 /* Project object */;
}
